// !$*UTF8*$!
{
	archiveVersion = 1;
	classes = {
	};
	objectVersion = 46;
	objects = {

/* Begin PBXBuildFile section */
		EA41F498163FFFA800B3A95F /* UIKit.framework in Frameworks */ = {isa = PBXBuildFile; fileRef = EA41F497163FFFA800B3A95F /* UIKit.framework */; };
		EA41F49A163FFFA800B3A95F /* Foundation.framework in Frameworks */ = {isa = PBXBuildFile; fileRef = EA41F499163FFFA800B3A95F /* Foundation.framework */; };
		EA41F49C163FFFA800B3A95F /* CoreGraphics.framework in Frameworks */ = {isa = PBXBuildFile; fileRef = EA41F49B163FFFA800B3A95F /* CoreGraphics.framework */; };
		EA41F4C41640010300B3A95F /* AppDelegate.m in Sources */ = {isa = PBXBuildFile; fileRef = EA41F4BB1640010300B3A95F /* AppDelegate.m */; };
		EA41F4C51640010300B3A95F /* Default-568h@2x.png in Resources */ = {isa = PBXBuildFile; fileRef = EA41F4BC1640010300B3A95F /* Default-568h@2x.png */; };
		EA41F4C61640010300B3A95F /* Default.png in Resources */ = {isa = PBXBuildFile; fileRef = EA41F4BD1640010300B3A95F /* Default.png */; };
		EA41F4C71640010300B3A95F /* Default@2x.png in Resources */ = {isa = PBXBuildFile; fileRef = EA41F4BE1640010300B3A95F /* Default@2x.png */; };
		EA41F4C81640010300B3A95F /* InfoPlist.strings in Resources */ = {isa = PBXBuildFile; fileRef = EA41F4BF1640010300B3A95F /* InfoPlist.strings */; };
		EA41F4CA1640010300B3A95F /* main.m in Sources */ = {isa = PBXBuildFile; fileRef = EA41F4C31640010300B3A95F /* main.m */; };
		EA41F4CD164005D900B3A95F /* CoreLocation.framework in Frameworks */ = {isa = PBXBuildFile; fileRef = EA41F4CC164005D900B3A95F /* CoreLocation.framework */; };
		EABA520416430A4A00A08C44 /* JSLocationManager.m in Sources */ = {isa = PBXBuildFile; fileRef = EABA51FA16430A4A00A08C44 /* JSLocationManager.m */; };
		EABA520516430A4A00A08C44 /* GPXInputFile.m in Sources */ = {isa = PBXBuildFile; fileRef = EABA51FD16430A4A00A08C44 /* GPXInputFile.m */; };
		EABA520616430A4A00A08C44 /* RouteInputFile.m in Sources */ = {isa = PBXBuildFile; fileRef = EABA520016430A4A00A08C44 /* RouteInputFile.m */; };
		EABA520716430A4A00A08C44 /* GDataXMLNode.m in Sources */ = {isa = PBXBuildFile; fileRef = EABA520316430A4A00A08C44 /* GDataXMLNode.m */; settings = {COMPILER_FLAGS = "-fno-objc-arc"; }; };
		EABA520A16430AED00A08C44 /* MapKit.framework in Frameworks */ = {isa = PBXBuildFile; fileRef = EABA520916430AED00A08C44 /* MapKit.framework */; };
		EABA5214164326D100A08C44 /* JSLocation.m in Sources */ = {isa = PBXBuildFile; fileRef = EABA5213164326D100A08C44 /* JSLocation.m */; };
/* End PBXBuildFile section */

/* Begin PBXFileReference section */
		EA41F493163FFFA800B3A95F /* LocationSimulator.app */ = {isa = PBXFileReference; explicitFileType = wrapper.application; includeInIndex = 0; path = LocationSimulator.app; sourceTree = BUILT_PRODUCTS_DIR; };
		EA41F497163FFFA800B3A95F /* UIKit.framework */ = {isa = PBXFileReference; lastKnownFileType = wrapper.framework; name = UIKit.framework; path = System/Library/Frameworks/UIKit.framework; sourceTree = SDKROOT; };
		EA41F499163FFFA800B3A95F /* Foundation.framework */ = {isa = PBXFileReference; lastKnownFileType = wrapper.framework; name = Foundation.framework; path = System/Library/Frameworks/Foundation.framework; sourceTree = SDKROOT; };
		EA41F49B163FFFA800B3A95F /* CoreGraphics.framework */ = {isa = PBXFileReference; lastKnownFileType = wrapper.framework; name = CoreGraphics.framework; path = System/Library/Frameworks/CoreGraphics.framework; sourceTree = SDKROOT; };
		EA41F4BA1640010300B3A95F /* AppDelegate.h */ = {isa = PBXFileReference; fileEncoding = 4; lastKnownFileType = sourcecode.c.h; path = AppDelegate.h; sourceTree = "<group>"; };
		EA41F4BB1640010300B3A95F /* AppDelegate.m */ = {isa = PBXFileReference; fileEncoding = 4; lastKnownFileType = sourcecode.c.objc; path = AppDelegate.m; sourceTree = "<group>"; };
		EA41F4BC1640010300B3A95F /* Default-568h@2x.png */ = {isa = PBXFileReference; lastKnownFileType = image.png; path = "Default-568h@2x.png"; sourceTree = "<group>"; };
		EA41F4BD1640010300B3A95F /* Default.png */ = {isa = PBXFileReference; lastKnownFileType = image.png; path = Default.png; sourceTree = "<group>"; };
		EA41F4BE1640010300B3A95F /* Default@2x.png */ = {isa = PBXFileReference; lastKnownFileType = image.png; path = "Default@2x.png"; sourceTree = "<group>"; };
		EA41F4C01640010300B3A95F /* en */ = {isa = PBXFileReference; lastKnownFileType = text.plist.strings; name = en; path = en.lproj/InfoPlist.strings; sourceTree = "<group>"; };
		EA41F4C11640010300B3A95F /* LocationSimulator-Info.plist */ = {isa = PBXFileReference; fileEncoding = 4; lastKnownFileType = text.plist.xml; path = "LocationSimulator-Info.plist"; sourceTree = "<group>"; };
		EA41F4C21640010300B3A95F /* LocationSimulator-Prefix.pch */ = {isa = PBXFileReference; fileEncoding = 4; lastKnownFileType = sourcecode.c.h; path = "LocationSimulator-Prefix.pch"; sourceTree = "<group>"; };
		EA41F4C31640010300B3A95F /* main.m */ = {isa = PBXFileReference; fileEncoding = 4; lastKnownFileType = sourcecode.c.objc; path = main.m; sourceTree = "<group>"; };
		EA41F4CC164005D900B3A95F /* CoreLocation.framework */ = {isa = PBXFileReference; lastKnownFileType = wrapper.framework; name = CoreLocation.framework; path = System/Library/Frameworks/CoreLocation.framework; sourceTree = SDKROOT; };
		EABA51F916430A4A00A08C44 /* JSLocationManager.h */ = {isa = PBXFileReference; fileEncoding = 4; lastKnownFileType = sourcecode.c.h; path = JSLocationManager.h; sourceTree = "<group>"; };
		EABA51FA16430A4A00A08C44 /* JSLocationManager.m */ = {isa = PBXFileReference; fileEncoding = 4; lastKnownFileType = sourcecode.c.objc; path = JSLocationManager.m; sourceTree = "<group>"; };
		EABA51FC16430A4A00A08C44 /* GPXInputFile.h */ = {isa = PBXFileReference; fileEncoding = 4; lastKnownFileType = sourcecode.c.h; path = GPXInputFile.h; sourceTree = "<group>"; };
		EABA51FD16430A4A00A08C44 /* GPXInputFile.m */ = {isa = PBXFileReference; fileEncoding = 4; lastKnownFileType = sourcecode.c.objc; path = GPXInputFile.m; sourceTree = "<group>"; };
		EABA51FE16430A4A00A08C44 /* RouteInputFile+Private.h */ = {isa = PBXFileReference; fileEncoding = 4; lastKnownFileType = sourcecode.c.h; path = "RouteInputFile+Private.h"; sourceTree = "<group>"; };
		EABA51FF16430A4A00A08C44 /* RouteInputFile.h */ = {isa = PBXFileReference; fileEncoding = 4; lastKnownFileType = sourcecode.c.h; path = RouteInputFile.h; sourceTree = "<group>"; };
		EABA520016430A4A00A08C44 /* RouteInputFile.m */ = {isa = PBXFileReference; fileEncoding = 4; lastKnownFileType = sourcecode.c.objc; path = RouteInputFile.m; sourceTree = "<group>"; };
		EABA520216430A4A00A08C44 /* GDataXMLNode.h */ = {isa = PBXFileReference; fileEncoding = 4; lastKnownFileType = sourcecode.c.h; path = GDataXMLNode.h; sourceTree = "<group>"; };
		EABA520316430A4A00A08C44 /* GDataXMLNode.m */ = {isa = PBXFileReference; fileEncoding = 4; lastKnownFileType = sourcecode.c.objc; path = GDataXMLNode.m; sourceTree = "<group>"; };
		EABA520916430AED00A08C44 /* MapKit.framework */ = {isa = PBXFileReference; lastKnownFileType = wrapper.framework; name = MapKit.framework; path = System/Library/Frameworks/MapKit.framework; sourceTree = SDKROOT; };
		EABA5212164326D100A08C44 /* JSLocation.h */ = {isa = PBXFileReference; fileEncoding = 4; lastKnownFileType = sourcecode.c.h; path = JSLocation.h; sourceTree = "<group>"; };
		EABA5213164326D100A08C44 /* JSLocation.m */ = {isa = PBXFileReference; fileEncoding = 4; lastKnownFileType = sourcecode.c.objc; path = JSLocation.m; sourceTree = "<group>"; };
/* End PBXFileReference section */

/* Begin PBXFrameworksBuildPhase section */
		EA41F490163FFFA800B3A95F /* Frameworks */ = {
			isa = PBXFrameworksBuildPhase;
			buildActionMask = 2147483647;
			files = (
				EABA520A16430AED00A08C44 /* MapKit.framework in Frameworks */,
				EA41F4CD164005D900B3A95F /* CoreLocation.framework in Frameworks */,
				EA41F498163FFFA800B3A95F /* UIKit.framework in Frameworks */,
				EA41F49A163FFFA800B3A95F /* Foundation.framework in Frameworks */,
				EA41F49C163FFFA800B3A95F /* CoreGraphics.framework in Frameworks */,
			);
			runOnlyForDeploymentPostprocessing = 0;
		};
/* End PBXFrameworksBuildPhase section */

/* Begin PBXGroup section */
		EA41F488163FFFA800B3A95F = {
			isa = PBXGroup;
			children = (
				EA41F4B91640010300B3A95F /* Sample */,
				EA41F49D163FFFA800B3A95F /* LocationSimulator */,
				EA41F496163FFFA800B3A95F /* Frameworks */,
				EA41F494163FFFA800B3A95F /* Products */,
			);
			sourceTree = "<group>";
		};
		EA41F494163FFFA800B3A95F /* Products */ = {
			isa = PBXGroup;
			children = (
				EA41F493163FFFA800B3A95F /* LocationSimulator.app */,
			);
			name = Products;
			sourceTree = "<group>";
		};
		EA41F496163FFFA800B3A95F /* Frameworks */ = {
			isa = PBXGroup;
			children = (
				EA41F49B163FFFA800B3A95F /* CoreGraphics.framework */,
				EA41F4CC164005D900B3A95F /* CoreLocation.framework */,
				EA41F499163FFFA800B3A95F /* Foundation.framework */,
				EABA520916430AED00A08C44 /* MapKit.framework */,
				EA41F497163FFFA800B3A95F /* UIKit.framework */,
			);
			name = Frameworks;
			sourceTree = "<group>";
		};
		EA41F49D163FFFA800B3A95F /* LocationSimulator */ = {
			isa = PBXGroup;
			children = (
				EABA51F816430A4A00A08C44 /* Core */,
				EABA51FB16430A4A00A08C44 /* Input */,
				EABA520116430A4A00A08C44 /* XMLSupport */,
			);
			path = LocationSimulator;
			sourceTree = "<group>";
		};
		EA41F4B91640010300B3A95F /* Sample */ = {
			isa = PBXGroup;
			children = (
				EA41F4CB1640010C00B3A95F /* Supporting Files */,
				EA41F4BA1640010300B3A95F /* AppDelegate.h */,
				EA41F4BB1640010300B3A95F /* AppDelegate.m */,
			);
			path = Sample;
			sourceTree = "<group>";
		};
		EA41F4CB1640010C00B3A95F /* Supporting Files */ = {
			isa = PBXGroup;
			children = (
				EA41F4BC1640010300B3A95F /* Default-568h@2x.png */,
				EA41F4BD1640010300B3A95F /* Default.png */,
				EA41F4BE1640010300B3A95F /* Default@2x.png */,
				EA41F4BF1640010300B3A95F /* InfoPlist.strings */,
				EA41F4C11640010300B3A95F /* LocationSimulator-Info.plist */,
				EA41F4C21640010300B3A95F /* LocationSimulator-Prefix.pch */,
				EA41F4C31640010300B3A95F /* main.m */,
			);
			name = "Supporting Files";
			sourceTree = "<group>";
		};
		EABA51F816430A4A00A08C44 /* Core */ = {
			isa = PBXGroup;
			children = (
				EABA5212164326D100A08C44 /* JSLocation.h */,
				EABA5213164326D100A08C44 /* JSLocation.m */,
				EABA51F916430A4A00A08C44 /* JSLocationManager.h */,
				EABA51FA16430A4A00A08C44 /* JSLocationManager.m */,
			);
			path = Core;
			sourceTree = "<group>";
		};
		EABA51FB16430A4A00A08C44 /* Input */ = {
			isa = PBXGroup;
			children = (
				EABA51FC16430A4A00A08C44 /* GPXInputFile.h */,
				EABA51FD16430A4A00A08C44 /* GPXInputFile.m */,
				EABA51FE16430A4A00A08C44 /* RouteInputFile+Private.h */,
				EABA51FF16430A4A00A08C44 /* RouteInputFile.h */,
				EABA520016430A4A00A08C44 /* RouteInputFile.m */,
			);
			path = Input;
			sourceTree = "<group>";
		};
		EABA520116430A4A00A08C44 /* XMLSupport */ = {
			isa = PBXGroup;
			children = (
				EABA520216430A4A00A08C44 /* GDataXMLNode.h */,
				EABA520316430A4A00A08C44 /* GDataXMLNode.m */,
			);
			path = XMLSupport;
			sourceTree = "<group>";
		};
/* End PBXGroup section */

/* Begin PBXNativeTarget section */
		EA41F492163FFFA800B3A95F /* LocationSimulator */ = {
			isa = PBXNativeTarget;
			buildConfigurationList = EA41F4B1163FFFA800B3A95F /* Build configuration list for PBXNativeTarget "LocationSimulator" */;
			buildPhases = (
				EA41F48F163FFFA800B3A95F /* Sources */,
				EA41F490163FFFA800B3A95F /* Frameworks */,
				EA41F491163FFFA800B3A95F /* Resources */,
			);
			buildRules = (
			);
			dependencies = (
			);
			name = LocationSimulator;
			productName = LocationSimulator;
			productReference = EA41F493163FFFA800B3A95F /* LocationSimulator.app */;
			productType = "com.apple.product-type.application";
		};
/* End PBXNativeTarget section */

/* Begin PBXProject section */
		EA41F48A163FFFA800B3A95F /* Project object */ = {
			isa = PBXProject;
			attributes = {
				LastUpgradeCheck = 0450;
				ORGANIZATIONNAME = JaanusSiim;
			};
			buildConfigurationList = EA41F48D163FFFA800B3A95F /* Build configuration list for PBXProject "LocationSimulator" */;
			compatibilityVersion = "Xcode 3.2";
			developmentRegion = English;
			hasScannedForEncodings = 0;
			knownRegions = (
				en,
			);
			mainGroup = EA41F488163FFFA800B3A95F;
			productRefGroup = EA41F494163FFFA800B3A95F /* Products */;
			projectDirPath = "";
			projectRoot = "";
			targets = (
				EA41F492163FFFA800B3A95F /* LocationSimulator */,
			);
		};
/* End PBXProject section */

/* Begin PBXResourcesBuildPhase section */
		EA41F491163FFFA800B3A95F /* Resources */ = {
			isa = PBXResourcesBuildPhase;
			buildActionMask = 2147483647;
			files = (
				EA41F4C51640010300B3A95F /* Default-568h@2x.png in Resources */,
				EA41F4C61640010300B3A95F /* Default.png in Resources */,
				EA41F4C71640010300B3A95F /* Default@2x.png in Resources */,
				EA41F4C81640010300B3A95F /* InfoPlist.strings in Resources */,
			);
			runOnlyForDeploymentPostprocessing = 0;
		};
/* End PBXResourcesBuildPhase section */

/* Begin PBXSourcesBuildPhase section */
		EA41F48F163FFFA800B3A95F /* Sources */ = {
			isa = PBXSourcesBuildPhase;
			buildActionMask = 2147483647;
			files = (
				EA41F4C41640010300B3A95F /* AppDelegate.m in Sources */,
				EA41F4CA1640010300B3A95F /* main.m in Sources */,
				EABA520416430A4A00A08C44 /* JSLocationManager.m in Sources */,
				EABA520516430A4A00A08C44 /* GPXInputFile.m in Sources */,
				EABA520616430A4A00A08C44 /* RouteInputFile.m in Sources */,
				EABA520716430A4A00A08C44 /* GDataXMLNode.m in Sources */,
				EABA5214164326D100A08C44 /* JSLocation.m in Sources */,
			);
			runOnlyForDeploymentPostprocessing = 0;
		};
/* End PBXSourcesBuildPhase section */

/* Begin PBXVariantGroup section */
		EA41F4BF1640010300B3A95F /* InfoPlist.strings */ = {
			isa = PBXVariantGroup;
			children = (
				EA41F4C01640010300B3A95F /* en */,
			);
			name = InfoPlist.strings;
			sourceTree = "<group>";
		};
/* End PBXVariantGroup section */

/* Begin XCBuildConfiguration section */
		EA41F4AF163FFFA800B3A95F /* Debug */ = {
			isa = XCBuildConfiguration;
			buildSettings = {
				ALWAYS_SEARCH_USER_PATHS = NO;
				CLANG_CXX_LANGUAGE_STANDARD = "gnu++0x";
				CLANG_CXX_LIBRARY = "libc++";
				CLANG_ENABLE_OBJC_ARC = YES;
				CLANG_WARN_EMPTY_BODY = YES;
				CLANG_WARN__DUPLICATE_METHOD_MATCH = YES;
				"CODE_SIGN_IDENTITY[sdk=iphoneos*]" = "iPhone Developer";
				COPY_PHASE_STRIP = NO;
				GCC_C_LANGUAGE_STANDARD = gnu99;
				GCC_DYNAMIC_NO_PIC = NO;
				GCC_OPTIMIZATION_LEVEL = 0;
				GCC_PREPROCESSOR_DEFINITIONS = (
					"DEBUG=1",
					"$(inherited)",
				);
				GCC_SYMBOLS_PRIVATE_EXTERN = NO;
				GCC_WARN_ABOUT_RETURN_TYPE = YES;
				GCC_WARN_UNINITIALIZED_AUTOS = YES;
				GCC_WARN_UNUSED_VARIABLE = YES;
				IPHONEOS_DEPLOYMENT_TARGET = 6.0;
				ONLY_ACTIVE_ARCH = YES;
				SDKROOT = iphoneos;
			};
			name = Debug;
		};
		EA41F4B0163FFFA800B3A95F /* Release */ = {
			isa = XCBuildConfiguration;
			buildSettings = {
				ALWAYS_SEARCH_USER_PATHS = NO;
				CLANG_CXX_LANGUAGE_STANDARD = "gnu++0x";
				CLANG_CXX_LIBRARY = "libc++";
				CLANG_ENABLE_OBJC_ARC = YES;
				CLANG_WARN_EMPTY_BODY = YES;
				CLANG_WARN__DUPLICATE_METHOD_MATCH = YES;
				"CODE_SIGN_IDENTITY[sdk=iphoneos*]" = "iPhone Developer";
				COPY_PHASE_STRIP = YES;
				GCC_C_LANGUAGE_STANDARD = gnu99;
				GCC_WARN_ABOUT_RETURN_TYPE = YES;
				GCC_WARN_UNINITIALIZED_AUTOS = YES;
				GCC_WARN_UNUSED_VARIABLE = YES;
				IPHONEOS_DEPLOYMENT_TARGET = 6.0;
				OTHER_CFLAGS = "-DNS_BLOCK_ASSERTIONS=1";
				SDKROOT = iphoneos;
				VALIDATE_PRODUCT = YES;
			};
			name = Release;
		};
		EA41F4B2163FFFA800B3A95F /* Debug */ = {
			isa = XCBuildConfiguration;
			buildSettings = {
				GCC_PRECOMPILE_PREFIX_HEADER = YES;
				GCC_PREFIX_HEADER = "Sample/LocationSimulator-Prefix.pch";
				HEADER_SEARCH_PATHS = /usr/include/libxml2;
				INFOPLIST_FILE = "$(SRCROOT)/Sample/LocationSimulator-Info.plist";
				OTHER_LDFLAGS = "-lxml2";
				PRODUCT_NAME = "$(TARGET_NAME)";
				WRAPPER_EXTENSION = app;
			};
			name = Debug;
		};
		EA41F4B3163FFFA800B3A95F /* Release */ = {
			isa = XCBuildConfiguration;
			buildSettings = {
				GCC_PRECOMPILE_PREFIX_HEADER = YES;
				GCC_PREFIX_HEADER = "Sample/LocationSimulator-Prefix.pch";
				HEADER_SEARCH_PATHS = /usr/include/libxml2;
				INFOPLIST_FILE = "$(SRCROOT)/Sample/LocationSimulator-Info.plist";
				OTHER_LDFLAGS = "-lxml2";
				PRODUCT_NAME = "$(TARGET_NAME)";
				WRAPPER_EXTENSION = app;
			};
			name = Release;
		};
/* End XCBuildConfiguration section */

/* Begin XCConfigurationList section */
		EA41F48D163FFFA800B3A95F /* Build configuration list for PBXProject "LocationSimulator" */ = {
			isa = XCConfigurationList;
			buildConfigurations = (
				EA41F4AF163FFFA800B3A95F /* Debug */,
				EA41F4B0163FFFA800B3A95F /* Release */,
			);
			defaultConfigurationIsVisible = 0;
			defaultConfigurationName = Release;
		};
		EA41F4B1163FFFA800B3A95F /* Build configuration list for PBXNativeTarget "LocationSimulator" */ = {
			isa = XCConfigurationList;
			buildConfigurations = (
				EA41F4B2163FFFA800B3A95F /* Debug */,
				EA41F4B3163FFFA800B3A95F /* Release */,
			);
			defaultConfigurationIsVisible = 0;
			defaultConfigurationName = Release;
		};
/* End XCConfigurationList section */
	};
	rootObject = EA41F48A163FFFA800B3A95F /* Project object */;
}
